
Microsoft Visual Studio Solution File, Format Version 12.00
# Visual Studio Version 16
VisualStudioVersion = 16.0.30104.148
MinimumVisualStudioVersion = 10.0.40219.1
Project("{8BC9CEB8-8B4A-11D0-8D11-00A0C91BC942}") = "ogrenci_kayit", "ogrenci_kayit.vcxproj", "{84E09855-C180-42CA-B46A-A1C5DD70D062}"
EndProject
Global
	GlobalSection(SolutionConfigurationPlatforms) = preSolution
		Debug|x64 = Debug|x64
		Debug|x86 = Debug|x86
		Release|x64 = Release|x64
		Release|x86 = Release|x86
	EndGlobalSection
	GlobalSection(ProjectConfigurationPlatforms) = postSolution
		{84E09855-C180-42CA-B46A-A1C5DD70D062}.Debug|x64.ActiveCfg = Debug|x64
		{84E09855-C180-42CA-B46A-A1C5DD70D062}.Debug|x64.Build.0 = Debug|x64
		{84E09855-C180-42CA-B46A-A1C5DD70D062}.Debug|x86.ActiveCfg = Debug|Win32
		{84E09855-C180-42CA-B46A-A1C5DD70D062}.Debug|x86.Build.0 = Debug|Win32
		{84E09855-C180-42CA-B46A-A1C5DD70D062}.Release|x64.ActiveCfg = Release|x64
		{84E09855-C180-42CA-B46A-A1C5DD70D062}.Release|x64.Build.0 = Release|x64
		{84E09855-C180-42CA-B46A-A1C5DD70D062}.Release|x86.ActiveCfg = Release|Win32
		{84E09855-C180-42CA-B46A-A1C5DD70D062}.Release|x86.Build.0 = Release|Win32
	EndGlobalSection
	GlobalSection(SolutionProperties) = preSolution
		HideSolutionNode = FALSE
	EndGlobalSection
	GlobalSection(ExtensibilityGlobals) = postSolution
		SolutionGuid = {AB8BD2A9-5717-4DB6-BD5D-D79B1497E2A7}
	EndGlobalSection
EndGlobal
